
Microsoft Visual Studio Solution File, Format Version 12.00
# Visual Studio Version 16
VisualStudioVersion = 16.0.810.17
MinimumVisualStudioVersion = 10.0.40219.1
Project("{FAE04EC0-301F-11D3-BF4B-00C04F79EFBC}") = "TicTacToe2.Android", "TicTacToe2.Android\TicTacToe2.Android.csproj", "{16AA5947-25DC-496D-AD0D-A883EB609D47}"
EndProject
Project("{FAE04EC0-301F-11D3-BF4B-00C04F79EFBC}") = "TicTacToe2", "TicTacToe2\TicTacToe2.csproj", "{B8FC62AC-14BB-41DE-BCF3-799D4936F3EF}"
EndProject
Global
	GlobalSection(SolutionConfigurationPlatforms) = preSolution
		Debug|Any CPU = Debug|Any CPU
		Release|Any CPU = Release|Any CPU
	EndGlobalSection
	GlobalSection(ProjectConfigurationPlatforms) = postSolution
		{16AA5947-25DC-496D-AD0D-A883EB609D47}.Debug|Any CPU.ActiveCfg = Debug|Any CPU
		{16AA5947-25DC-496D-AD0D-A883EB609D47}.Debug|Any CPU.Build.0 = Debug|Any CPU
		{16AA5947-25DC-496D-AD0D-A883EB609D47}.Release|Any CPU.ActiveCfg = Release|Any CPU
		{16AA5947-25DC-496D-AD0D-A883EB609D47}.Release|Any CPU.Build.0 = Release|Any CPU
		{B8FC62AC-14BB-41DE-BCF3-799D4936F3EF}.Debug|Any CPU.ActiveCfg = Debug|Any CPU
		{B8FC62AC-14BB-41DE-BCF3-799D4936F3EF}.Debug|Any CPU.Build.0 = Debug|Any CPU
		{B8FC62AC-14BB-41DE-BCF3-799D4936F3EF}.Release|Any CPU.ActiveCfg = Release|Any CPU
		{B8FC62AC-14BB-41DE-BCF3-799D4936F3EF}.Release|Any CPU.Build.0 = Release|Any CPU
	EndGlobalSection
	GlobalSection(SolutionProperties) = preSolution
		HideSolutionNode = FALSE
	EndGlobalSection
	GlobalSection(ExtensibilityGlobals) = postSolution
		SolutionGuid = {5C727BD6-0BCC-47D0-AB6D-456DBC5B0232}
	EndGlobalSection
EndGlobal
